
Microsoft Visual Studio Solution File, Format Version 12.00
# Visual Studio Version 17
VisualStudioVersion = 17.6.33815.320
MinimumVisualStudioVersion = 10.0.40219.1
Project("{FAE04EC0-301F-11D3-BF4B-00C04F79EFBC}") = "Topic 4.9 - Decision Structures Excercises", "Topic 4.9 - Decision Structures Excercises.csproj", "{1AB2627D-BB4B-435B-930A-3A139318004C}"
EndProject
Global
	GlobalSection(SolutionConfigurationPlatforms) = preSolution
		Debug|Any CPU = Debug|Any CPU
		Release|Any CPU = Release|Any CPU
	EndGlobalSection
	GlobalSection(ProjectConfigurationPlatforms) = postSolution
		{1AB2627D-BB4B-435B-930A-3A139318004C}.Debug|Any CPU.ActiveCfg = Debug|Any CPU
		{1AB2627D-BB4B-435B-930A-3A139318004C}.Debug|Any CPU.Build.0 = Debug|Any CPU
		{1AB2627D-BB4B-435B-930A-3A139318004C}.Release|Any CPU.ActiveCfg = Release|Any CPU
		{1AB2627D-BB4B-435B-930A-3A139318004C}.Release|Any CPU.Build.0 = Release|Any CPU
	EndGlobalSection
	GlobalSection(SolutionProperties) = preSolution
		HideSolutionNode = FALSE
	EndGlobalSection
	GlobalSection(ExtensibilityGlobals) = postSolution
		SolutionGuid = {7D1B0F1D-F0A7-42AB-9F0A-D3A4819A7233}
	EndGlobalSection
EndGlobal
